
Microsoft Visual Studio Solution File, Format Version 12.00
# Visual Studio 15
VisualStudioVersion = 15.0.27703.2018
MinimumVisualStudioVersion = 10.0.40219.1
Project("{FAE04EC0-301F-11D3-BF4B-00C04F79EFBC}") = "MindboxFigures", "MindboxFigures\MindboxFigures.csproj", "{24BBA29A-9356-45FF-BDDC-AA3A4B174497}"
EndProject
Project("{FAE04EC0-301F-11D3-BF4B-00C04F79EFBC}") = "MindboxFigures.Tests", "MindboxFigures.Tests\MindboxFigures.Tests.csproj", "{2EC1D28E-E75A-4AD4-BA4C-B57F166965F1}"
EndProject
Global
	GlobalSection(SolutionConfigurationPlatforms) = preSolution
		Debug|Any CPU = Debug|Any CPU
		Release|Any CPU = Release|Any CPU
	EndGlobalSection
	GlobalSection(ProjectConfigurationPlatforms) = postSolution
		{24BBA29A-9356-45FF-BDDC-AA3A4B174497}.Debug|Any CPU.ActiveCfg = Debug|Any CPU
		{24BBA29A-9356-45FF-BDDC-AA3A4B174497}.Debug|Any CPU.Build.0 = Debug|Any CPU
		{24BBA29A-9356-45FF-BDDC-AA3A4B174497}.Release|Any CPU.ActiveCfg = Release|Any CPU
		{24BBA29A-9356-45FF-BDDC-AA3A4B174497}.Release|Any CPU.Build.0 = Release|Any CPU
		{2EC1D28E-E75A-4AD4-BA4C-B57F166965F1}.Debug|Any CPU.ActiveCfg = Debug|Any CPU
		{2EC1D28E-E75A-4AD4-BA4C-B57F166965F1}.Debug|Any CPU.Build.0 = Debug|Any CPU
		{2EC1D28E-E75A-4AD4-BA4C-B57F166965F1}.Release|Any CPU.ActiveCfg = Release|Any CPU
		{2EC1D28E-E75A-4AD4-BA4C-B57F166965F1}.Release|Any CPU.Build.0 = Release|Any CPU
	EndGlobalSection
	GlobalSection(SolutionProperties) = preSolution
		HideSolutionNode = FALSE
	EndGlobalSection
	GlobalSection(ExtensibilityGlobals) = postSolution
		SolutionGuid = {BDD89E0A-5D25-4584-A88F-9BD4F389B843}
	EndGlobalSection
EndGlobal
